<Solution>
  <Configurations>
    <Platform Name="Any CPU" />
    <Platform Name="x64" />
  </Configurations>
  <Project Path="WorldGenEngine.Core/WorldGenEngine.Core.csproj" Id="f5698175-cd29-462b-ba61-05630603848c">
    <Platform Solution="*|x64" Project="x64" />
  </Project>
  <Project Path="WorldGenEngine.Tests/WorldGenEngine.Tests.csproj" Id="fba71ede-4d82-40c4-a0b9-550b70d9e71b">
    <Platform Solution="*|x64" Project="x64" />
  </Project>
  <Project Path="WorldGenEngine.Visualization/WorldGenEngine.Visualization.csproj" Id="74be5849-3541-4f11-9ed5-72399ba3c9c3">
    <Platform Solution="*|x64" Project="x64" />
  </Project>
  <Project Path="WorldGenEngine.WorldGenerator2D/WorldGenEngine.WorldGenerator2D.csproj">
    <Platform Solution="*|x64" Project="x64" />
  </Project>
</Solution>
